<?xml version="1.0" encoding="utf-8"?>
<Project ToolsVersion="4.0" xmlns="http://schemas.microsoft.com/developer/msbuild/2003">
  <ItemGroup>
    <Filter Include="Source Files">
      <UniqueIdentifier>{66911f1a-26c6-4cb9-a3d8-57c60176260a}</UniqueIdentifier>
      <Extensions>cpp;c;cxx;rc;def;r;odl;idl;hpj;bat</Extensions>
    </Filter>
    <Filter Include="Header Files">
      <UniqueIdentifier>{1f27ade3-f296-4cd7-b1d2-0f58304ed48b}</UniqueIdentifier>
      <Extensions>h;hpp;hxx;hm;inl</Extensions>
    </Filter>
    <Filter Include="Other Files">
      <UniqueIdentifier>{b08a3602-c075-41b0-9371-39b5df0c05f0}</UniqueIdentifier>
      <Extensions>.def</Extensions>
    </Filter>
    <Filter Include="Resource Files">
      <UniqueIdentifier>{8eb8d1e3-b0ab-4399-9f81-ce67548c4762}</UniqueIdentifier>
      <Extensions>ico;cur;bmp;dlg;rc2;rct;bin;rgs;gif;jpg;jpeg;jpe</Extensions>
    </Filter>
  </ItemGroup>
  <ItemGroup>
    <ClCompile Include="..\lib\vorbisfile.c">
      <Filter>Source Files</Filter>
    </ClCompile>
  </ItemGroup>
  <ItemGroup>
    <ClInclude Include="..\include\vorbis\vorbisfile.h">
      <Filter>Header Files</Filter>
    </ClInclude>
  </ItemGroup>
  <ItemGroup>
    <None Include="vorbisfile.def">
      <Filter>Other Files</Filter>
    </None>
  </ItemGroup>
</Project>